
Microsoft Visual Studio Solution File, Format Version 11.00
# Visual C# Express 2010
Project("{FAE04EC0-301F-11D3-BF4B-00C04F79EFBC}") = "ScientificDistance", "ScientificDistance\ScientificDistance.csproj", "{64BD4777-FC5E-44C8-ABCD-4890253EDC44}"
EndProject
Global
	GlobalSection(SolutionConfigurationPlatforms) = preSolution
		Debug|Any CPU = Debug|Any CPU
		Release|Any CPU = Release|Any CPU
	EndGlobalSection
	GlobalSection(ProjectConfigurationPlatforms) = postSolution
		{64BD4777-FC5E-44C8-ABCD-4890253EDC44}.Debug|Any CPU.ActiveCfg = Debug|Any CPU
		{64BD4777-FC5E-44C8-ABCD-4890253EDC44}.Debug|Any CPU.Build.0 = Debug|Any CPU
		{64BD4777-FC5E-44C8-ABCD-4890253EDC44}.Release|Any CPU.ActiveCfg = Release|Any CPU
		{64BD4777-FC5E-44C8-ABCD-4890253EDC44}.Release|Any CPU.Build.0 = Release|Any CPU
	EndGlobalSection
	GlobalSection(SolutionProperties) = preSolution
		HideSolutionNode = FALSE
	EndGlobalSection
EndGlobal
